// !$*UTF8*$!
{
	archiveVersion = 1;
	classes = {
	};
	objectVersion = 56;
	objects = {

/* Begin PBXBuildFile section */
		4D2D1AE42BE871C800C114EC /* WebViewController.swift in Sources */ = {isa = PBXBuildFile; fileRef = 4D2D1AE32BE871C800C114EC /* WebViewController.swift */; };
		5C0AD4A62E6060FD0018022E /* ConfigurationViewController.swift in Sources */ = {isa = PBXBuildFile; fileRef = 5C0AD4A42E6060FD0018022E /* ConfigurationViewController.swift */; };
		5C0AD4A72E6060FD0018022E /* VendorConsentViewController.swift in Sources */ = {isa = PBXBuildFile; fileRef = 5C0AD4A52E6060FD0018022E /* VendorConsentViewController.swift */; };
		5C3009D72E60F32B002D98CA /* ConfigurationManager.swift in Sources */ = {isa = PBXBuildFile; fileRef = 5C3009D62E60F32B002D98CA /* ConfigurationManager.swift */; };
		B139B2032CAEEBD900F8C284 /* CookieFields.swift in Sources */ = {isa = PBXBuildFile; fileRef = B139B2022CAEEBD900F8C284 /* CookieFields.swift */; };
		B1DA856D2CB7B354005A9437 /* AxeptioSDK in Frameworks */ = {isa = PBXBuildFile; productRef = B1DA856C2CB7B354005A9437 /* AxeptioSDK */; };
		B3AA94F62E43D7B700457A2C /* ConsentDebugViewController.swift in Sources */ = {isa = PBXBuildFile; fileRef = B3AA94F52E43D7B700457A2C /* ConsentDebugViewController.swift */; };
		C2AAF8CB2B85EB5500447D7B /* TCFFields.swift in Sources */ = {isa = PBXBuildFile; fileRef = C2AAF8CA2B85EB5500447D7B /* TCFFields.swift */; };
		C2AAF8CD2B85EF0A00447D7B /* ViewController.swift in Sources */ = {isa = PBXBuildFile; fileRef = C2AAF8CC2B85EF0A00447D7B /* ViewController.swift */; };
		C2AAF8D22B85F42A00447D7B /* FirebaseAnalytics in Frameworks */ = {isa = PBXBuildFile; productRef = C2AAF8D12B85F42A00447D7B /* FirebaseAnalytics */; };
		C2AAF8D52B86020300447D7B /* GoogleMobileAds in Frameworks */ = {isa = PBXBuildFile; productRef = C2AAF8D42B86020300447D7B /* GoogleMobileAds */; };
		C2D162C42B9B1071002E6085 /* GoogleService-Info.plist in Resources */ = {isa = PBXBuildFile; fileRef = C2D162C32B9B1071002E6085 /* GoogleService-Info.plist */; };
		C2F130F32B750EF80079B2DF /* AppDelegate.swift in Sources */ = {isa = PBXBuildFile; fileRef = C2F130F22B750EF80079B2DF /* AppDelegate.swift */; };
		C2F130F72B750EF80079B2DF /* UserDefaultsViewController.swift in Sources */ = {isa = PBXBuildFile; fileRef = C2F130F62B750EF80079B2DF /* UserDefaultsViewController.swift */; };
		C2F130FA2B750EF80079B2DF /* Main.storyboard in Resources */ = {isa = PBXBuildFile; fileRef = C2F130F82B750EF80079B2DF /* Main.storyboard */; };
		C2F130FC2B750EFC0079B2DF /* Assets.xcassets in Resources */ = {isa = PBXBuildFile; fileRef = C2F130FB2B750EFC0079B2DF /* Assets.xcassets */; };
		C2F130FF2B750EFC0079B2DF /* LaunchScreen.storyboard in Resources */ = {isa = PBXBuildFile; fileRef = C2F130FD2B750EFC0079B2DF /* LaunchScreen.storyboard */; };
/* End PBXBuildFile section */

/* Begin PBXCopyFilesBuildPhase section */
		C2D162F92B9F4741002E6085 /* Embed Frameworks */ = {
			isa = PBXCopyFilesBuildPhase;
			buildActionMask = 2147483647;
			dstPath = "";
			dstSubfolderSpec = 10;
			files = (
			);
			name = "Embed Frameworks";
			runOnlyForDeploymentPostprocessing = 0;
		};
/* End PBXCopyFilesBuildPhase section */

/* Begin PBXFileReference section */
		4D2D1AE32BE871C800C114EC /* WebViewController.swift */ = {isa = PBXFileReference; fileEncoding = 4; lastKnownFileType = sourcecode.swift; path = WebViewController.swift; sourceTree = "<group>"; };
		5C0AD4A42E6060FD0018022E /* ConfigurationViewController.swift */ = {isa = PBXFileReference; lastKnownFileType = sourcecode.swift; path = ConfigurationViewController.swift; sourceTree = "<group>"; };
		5C0AD4A52E6060FD0018022E /* VendorConsentViewController.swift */ = {isa = PBXFileReference; lastKnownFileType = sourcecode.swift; path = VendorConsentViewController.swift; sourceTree = "<group>"; };
		5C3009D62E60F32B002D98CA /* ConfigurationManager.swift */ = {isa = PBXFileReference; lastKnownFileType = sourcecode.swift; path = ConfigurationManager.swift; sourceTree = "<group>"; };
		B139B2022CAEEBD900F8C284 /* CookieFields.swift */ = {isa = PBXFileReference; lastKnownFileType = sourcecode.swift; path = CookieFields.swift; sourceTree = "<group>"; };
		B3AA94F52E43D7B700457A2C /* ConsentDebugViewController.swift */ = {isa = PBXFileReference; lastKnownFileType = sourcecode.swift; path = ConsentDebugViewController.swift; sourceTree = "<group>"; };
		C2AAF8CA2B85EB5500447D7B /* TCFFields.swift */ = {isa = PBXFileReference; lastKnownFileType = sourcecode.swift; path = TCFFields.swift; sourceTree = "<group>"; };
		C2AAF8CC2B85EF0A00447D7B /* ViewController.swift */ = {isa = PBXFileReference; lastKnownFileType = sourcecode.swift; path = ViewController.swift; sourceTree = "<group>"; };
		C2D162C32B9B1071002E6085 /* GoogleService-Info.plist */ = {isa = PBXFileReference; fileEncoding = 4; lastKnownFileType = text.plist.xml; path = "GoogleService-Info.plist"; sourceTree = "<group>"; };
		C2F130EF2B750EF80079B2DF /* sampleSwift.app */ = {isa = PBXFileReference; explicitFileType = wrapper.application; includeInIndex = 0; path = sampleSwift.app; sourceTree = BUILT_PRODUCTS_DIR; };
		C2F130F22B750EF80079B2DF /* AppDelegate.swift */ = {isa = PBXFileReference; lastKnownFileType = sourcecode.swift; path = AppDelegate.swift; sourceTree = "<group>"; };
		C2F130F62B750EF80079B2DF /* UserDefaultsViewController.swift */ = {isa = PBXFileReference; lastKnownFileType = sourcecode.swift; path = UserDefaultsViewController.swift; sourceTree = "<group>"; };
		C2F130F92B750EF80079B2DF /* Base */ = {isa = PBXFileReference; lastKnownFileType = file.storyboard; name = Base; path = Base.lproj/Main.storyboard; sourceTree = "<group>"; };
		C2F130FB2B750EFC0079B2DF /* Assets.xcassets */ = {isa = PBXFileReference; lastKnownFileType = folder.assetcatalog; path = Assets.xcassets; sourceTree = "<group>"; };
		C2F130FE2B750EFC0079B2DF /* Base */ = {isa = PBXFileReference; lastKnownFileType = file.storyboard; name = Base; path = Base.lproj/LaunchScreen.storyboard; sourceTree = "<group>"; };
		C2F131002B750EFC0079B2DF /* Info.plist */ = {isa = PBXFileReference; lastKnownFileType = text.plist.xml; path = Info.plist; sourceTree = "<group>"; };
/* End PBXFileReference section */

/* Begin PBXFrameworksBuildPhase section */
		C2F130EC2B750EF80079B2DF /* Frameworks */ = {
			isa = PBXFrameworksBuildPhase;
			buildActionMask = 2147483647;
			files = (
				C2AAF8D52B86020300447D7B /* GoogleMobileAds in Frameworks */,
				B1DA856D2CB7B354005A9437 /* AxeptioSDK in Frameworks */,
				C2AAF8D22B85F42A00447D7B /* FirebaseAnalytics in Frameworks */,
			);
			runOnlyForDeploymentPostprocessing = 0;
		};
/* End PBXFrameworksBuildPhase section */

/* Begin PBXGroup section */
		C2AAF8D62B86034300447D7B /* View */ = {
			isa = PBXGroup;
			children = (
				5C0AD4A42E6060FD0018022E /* ConfigurationViewController.swift */,
				5C0AD4A52E6060FD0018022E /* VendorConsentViewController.swift */,
				4D2D1AE32BE871C800C114EC /* WebViewController.swift */,
				B3AA94F52E43D7B700457A2C /* ConsentDebugViewController.swift */,
				C2F130F62B750EF80079B2DF /* UserDefaultsViewController.swift */,
				C2AAF8CC2B85EF0A00447D7B /* ViewController.swift */,
			);
			path = View;
			sourceTree = "<group>";
		};
		C2F130E62B750EF80079B2DF = {
			isa = PBXGroup;
			children = (
				C2F130F12B750EF80079B2DF /* sampleSwift */,
				C2F130F02B750EF80079B2DF /* Products */,
				C2F131932B753D450079B2DF /* Frameworks */,
			);
			sourceTree = "<group>";
		};
		C2F130F02B750EF80079B2DF /* Products */ = {
			isa = PBXGroup;
			children = (
				C2F130EF2B750EF80079B2DF /* sampleSwift.app */,
			);
			name = Products;
			sourceTree = "<group>";
		};
		C2F130F12B750EF80079B2DF /* sampleSwift */ = {
			isa = PBXGroup;
			children = (
				5C3009D62E60F32B002D98CA /* ConfigurationManager.swift */,
				C2D162C32B9B1071002E6085 /* GoogleService-Info.plist */,
				C2F130F22B750EF80079B2DF /* AppDelegate.swift */,
				C2AAF8D62B86034300447D7B /* View */,
				C2F130F82B750EF80079B2DF /* Main.storyboard */,
				C2F130FB2B750EFC0079B2DF /* Assets.xcassets */,
				C2F130FD2B750EFC0079B2DF /* LaunchScreen.storyboard */,
				C2F131002B750EFC0079B2DF /* Info.plist */,
				C2AAF8CA2B85EB5500447D7B /* TCFFields.swift */,
				B139B2022CAEEBD900F8C284 /* CookieFields.swift */,
			);
			path = sampleSwift;
			sourceTree = "<group>";
		};
		C2F131932B753D450079B2DF /* Frameworks */ = {
			isa = PBXGroup;
			children = (
			);
			name = Frameworks;
			sourceTree = "<group>";
		};
/* End PBXGroup section */

/* Begin PBXNativeTarget section */
		C2F130EE2B750EF80079B2DF /* sampleSwift */ = {
			isa = PBXNativeTarget;
			buildConfigurationList = C2F131192B750EFC0079B2DF /* Build configuration list for PBXNativeTarget "sampleSwift" */;
			buildPhases = (
				C2F130EB2B750EF80079B2DF /* Sources */,
				C2F130EC2B750EF80079B2DF /* Frameworks */,
				C2F130ED2B750EF80079B2DF /* Resources */,
				C2D162F92B9F4741002E6085 /* Embed Frameworks */,
			);
			buildRules = (
			);
			dependencies = (
			);
			name = sampleSwift;
			packageProductDependencies = (
				C2AAF8D12B85F42A00447D7B /* FirebaseAnalytics */,
				C2AAF8D42B86020300447D7B /* GoogleMobileAds */,
				B1DA856C2CB7B354005A9437 /* AxeptioSDK */,
			);
			productName = sampleSwift;
			productReference = C2F130EF2B750EF80079B2DF /* sampleSwift.app */;
			productType = "com.apple.product-type.application";
		};
/* End PBXNativeTarget section */

/* Begin PBXProject section */
		C2F130E72B750EF80079B2DF /* Project object */ = {
			isa = PBXProject;
			attributes = {
				BuildIndependentTargetsInParallel = 1;
				LastSwiftUpdateCheck = 1520;
				LastUpgradeCheck = 1520;
				TargetAttributes = {
					C2F130EE2B750EF80079B2DF = {
						CreatedOnToolsVersion = 15.2;
					};
				};
			};
			buildConfigurationList = C2F130EA2B750EF80079B2DF /* Build configuration list for PBXProject "sampleSwift" */;
			compatibilityVersion = "Xcode 14.0";
			developmentRegion = en;
			hasScannedForEncodings = 0;
			knownRegions = (
				en,
				Base,
			);
			mainGroup = C2F130E62B750EF80079B2DF;
			packageReferences = (
				C2AAF8D02B85F42A00447D7B /* XCRemoteSwiftPackageReference "firebase-ios-sdk" */,
				C2AAF8D32B86020300447D7B /* XCRemoteSwiftPackageReference "swift-package-manager-google-mobile-ads" */,
				B1DA856B2CB7B354005A9437 /* XCRemoteSwiftPackageReference "axeptio-ios-sdk" */,
			);
			productRefGroup = C2F130F02B750EF80079B2DF /* Products */;
			projectDirPath = "";
			projectRoot = "";
			targets = (
				C2F130EE2B750EF80079B2DF /* sampleSwift */,
			);
		};
/* End PBXProject section */

/* Begin PBXResourcesBuildPhase section */
		C2F130ED2B750EF80079B2DF /* Resources */ = {
			isa = PBXResourcesBuildPhase;
			buildActionMask = 2147483647;
			files = (
				C2F130FF2B750EFC0079B2DF /* LaunchScreen.storyboard in Resources */,
				C2F130FC2B750EFC0079B2DF /* Assets.xcassets in Resources */,
				C2D162C42B9B1071002E6085 /* GoogleService-Info.plist in Resources */,
				C2F130FA2B750EF80079B2DF /* Main.storyboard in Resources */,
			);
			runOnlyForDeploymentPostprocessing = 0;
		};
/* End PBXResourcesBuildPhase section */

/* Begin PBXSourcesBuildPhase section */
		C2F130EB2B750EF80079B2DF /* Sources */ = {
			isa = PBXSourcesBuildPhase;
			buildActionMask = 2147483647;
			files = (
				5C3009D72E60F32B002D98CA /* ConfigurationManager.swift in Sources */,
				B3AA94F62E43D7B700457A2C /* ConsentDebugViewController.swift in Sources */,
				C2F130F72B750EF80079B2DF /* UserDefaultsViewController.swift in Sources */,
				5C0AD4A62E6060FD0018022E /* ConfigurationViewController.swift in Sources */,
				5C0AD4A72E6060FD0018022E /* VendorConsentViewController.swift in Sources */,
				C2F130F32B750EF80079B2DF /* AppDelegate.swift in Sources */,
				C2AAF8CD2B85EF0A00447D7B /* ViewController.swift in Sources */,
				4D2D1AE42BE871C800C114EC /* WebViewController.swift in Sources */,
				B139B2032CAEEBD900F8C284 /* CookieFields.swift in Sources */,
				C2AAF8CB2B85EB5500447D7B /* TCFFields.swift in Sources */,
			);
			runOnlyForDeploymentPostprocessing = 0;
		};
/* End PBXSourcesBuildPhase section */

/* Begin PBXVariantGroup section */
		C2F130F82B750EF80079B2DF /* Main.storyboard */ = {
			isa = PBXVariantGroup;
			children = (
				C2F130F92B750EF80079B2DF /* Base */,
			);
			name = Main.storyboard;
			sourceTree = "<group>";
		};
		C2F130FD2B750EFC0079B2DF /* LaunchScreen.storyboard */ = {
			isa = PBXVariantGroup;
			children = (
				C2F130FE2B750EFC0079B2DF /* Base */,
			);
			name = LaunchScreen.storyboard;
			sourceTree = "<group>";
		};
/* End PBXVariantGroup section */

/* Begin XCBuildConfiguration section */
		C2F131172B750EFC0079B2DF /* Debug */ = {
			isa = XCBuildConfiguration;
			buildSettings = {
				ALWAYS_SEARCH_USER_PATHS = NO;
				ASSETCATALOG_COMPILER_GENERATE_SWIFT_ASSET_SYMBOL_EXTENSIONS = YES;
				CLANG_ANALYZER_NONNULL = YES;
				CLANG_ANALYZER_NUMBER_OBJECT_CONVERSION = YES_AGGRESSIVE;
				CLANG_CXX_LANGUAGE_STANDARD = "gnu++20";
				CLANG_ENABLE_MODULES = YES;
				CLANG_ENABLE_OBJC_ARC = YES;
				CLANG_ENABLE_OBJC_WEAK = YES;
				CLANG_WARN_BLOCK_CAPTURE_AUTORELEASING = YES;
				CLANG_WARN_BOOL_CONVERSION = YES;
				CLANG_WARN_COMMA = YES;
				CLANG_WARN_CONSTANT_CONVERSION = YES;
				CLANG_WARN_DEPRECATED_OBJC_IMPLEMENTATIONS = YES;
				CLANG_WARN_DIRECT_OBJC_ISA_USAGE = YES_ERROR;
				CLANG_WARN_DOCUMENTATION_COMMENTS = YES;
				CLANG_WARN_EMPTY_BODY = YES;
				CLANG_WARN_ENUM_CONVERSION = YES;
				CLANG_WARN_INFINITE_RECURSION = YES;
				CLANG_WARN_INT_CONVERSION = YES;
				CLANG_WARN_NON_LITERAL_NULL_CONVERSION = YES;
				CLANG_WARN_OBJC_IMPLICIT_RETAIN_SELF = YES;
				CLANG_WARN_OBJC_LITERAL_CONVERSION = YES;
				CLANG_WARN_OBJC_ROOT_CLASS = YES_ERROR;
				CLANG_WARN_QUOTED_INCLUDE_IN_FRAMEWORK_HEADER = YES;
				CLANG_WARN_RANGE_LOOP_ANALYSIS = YES;
				CLANG_WARN_STRICT_PROTOTYPES = YES;
				CLANG_WARN_SUSPICIOUS_MOVE = YES;
				CLANG_WARN_UNGUARDED_AVAILABILITY = YES_AGGRESSIVE;
				CLANG_WARN_UNREACHABLE_CODE = YES;
				CLANG_WARN__DUPLICATE_METHOD_MATCH = YES;
				COPY_PHASE_STRIP = NO;
				DEBUG_INFORMATION_FORMAT = dwarf;
				ENABLE_STRICT_OBJC_MSGSEND = YES;
				ENABLE_TESTABILITY = YES;
				ENABLE_USER_SCRIPT_SANDBOXING = YES;
				GCC_C_LANGUAGE_STANDARD = gnu17;
				GCC_DYNAMIC_NO_PIC = NO;
				GCC_NO_COMMON_BLOCKS = YES;
				GCC_OPTIMIZATION_LEVEL = 0;
				GCC_PREPROCESSOR_DEFINITIONS = (
					"DEBUG=1",
					"$(inherited)",
				);
				GCC_WARN_64_TO_32_BIT_CONVERSION = YES;
				GCC_WARN_ABOUT_RETURN_TYPE = YES_ERROR;
				GCC_WARN_UNDECLARED_SELECTOR = YES;
				GCC_WARN_UNINITIALIZED_AUTOS = YES_AGGRESSIVE;
				GCC_WARN_UNUSED_FUNCTION = YES;
				GCC_WARN_UNUSED_VARIABLE = YES;
				IPHONEOS_DEPLOYMENT_TARGET = 18.0;
				LOCALIZATION_PREFERS_STRING_CATALOGS = YES;
				MTL_ENABLE_DEBUG_INFO = INCLUDE_SOURCE;
				MTL_FAST_MATH = YES;
				ONLY_ACTIVE_ARCH = YES;
				SDKROOT = iphoneos;
				SWIFT_ACTIVE_COMPILATION_CONDITIONS = "DEBUG $(inherited)";
				SWIFT_OPTIMIZATION_LEVEL = "-Onone";
			};
			name = Debug;
		};
		C2F131182B750EFC0079B2DF /* Release */ = {
			isa = XCBuildConfiguration;
			buildSettings = {
				ALWAYS_SEARCH_USER_PATHS = NO;
				ASSETCATALOG_COMPILER_GENERATE_SWIFT_ASSET_SYMBOL_EXTENSIONS = YES;
				CLANG_ANALYZER_NONNULL = YES;
				CLANG_ANALYZER_NUMBER_OBJECT_CONVERSION = YES_AGGRESSIVE;
				CLANG_CXX_LANGUAGE_STANDARD = "gnu++20";
				CLANG_ENABLE_MODULES = YES;
				CLANG_ENABLE_OBJC_ARC = YES;
				CLANG_ENABLE_OBJC_WEAK = YES;
				CLANG_WARN_BLOCK_CAPTURE_AUTORELEASING = YES;
				CLANG_WARN_BOOL_CONVERSION = YES;
				CLANG_WARN_COMMA = YES;
				CLANG_WARN_CONSTANT_CONVERSION = YES;
				CLANG_WARN_DEPRECATED_OBJC_IMPLEMENTATIONS = YES;
				CLANG_WARN_DIRECT_OBJC_ISA_USAGE = YES_ERROR;
				CLANG_WARN_DOCUMENTATION_COMMENTS = YES;
				CLANG_WARN_EMPTY_BODY = YES;
				CLANG_WARN_ENUM_CONVERSION = YES;
				CLANG_WARN_INFINITE_RECURSION = YES;
				CLANG_WARN_INT_CONVERSION = YES;
				CLANG_WARN_NON_LITERAL_NULL_CONVERSION = YES;
				CLANG_WARN_OBJC_IMPLICIT_RETAIN_SELF = YES;
				CLANG_WARN_OBJC_LITERAL_CONVERSION = YES;
				CLANG_WARN_OBJC_ROOT_CLASS = YES_ERROR;
				CLANG_WARN_QUOTED_INCLUDE_IN_FRAMEWORK_HEADER = YES;
				CLANG_WARN_RANGE_LOOP_ANALYSIS = YES;
				CLANG_WARN_STRICT_PROTOTYPES = YES;
				CLANG_WARN_SUSPICIOUS_MOVE = YES;
				CLANG_WARN_UNGUARDED_AVAILABILITY = YES_AGGRESSIVE;
				CLANG_WARN_UNREACHABLE_CODE = YES;
				CLANG_WARN__DUPLICATE_METHOD_MATCH = YES;
				COPY_PHASE_STRIP = NO;
				DEBUG_INFORMATION_FORMAT = "dwarf-with-dsym";
				ENABLE_NS_ASSERTIONS = NO;
				ENABLE_STRICT_OBJC_MSGSEND = YES;
				ENABLE_USER_SCRIPT_SANDBOXING = YES;
				GCC_C_LANGUAGE_STANDARD = gnu17;
				GCC_NO_COMMON_BLOCKS = YES;
				GCC_WARN_64_TO_32_BIT_CONVERSION = YES;
				GCC_WARN_ABOUT_RETURN_TYPE = YES_ERROR;
				GCC_WARN_UNDECLARED_SELECTOR = YES;
				GCC_WARN_UNINITIALIZED_AUTOS = YES_AGGRESSIVE;
				GCC_WARN_UNUSED_FUNCTION = YES;
				GCC_WARN_UNUSED_VARIABLE = YES;
				IPHONEOS_DEPLOYMENT_TARGET = 18.0;
				LOCALIZATION_PREFERS_STRING_CATALOGS = YES;
				MTL_ENABLE_DEBUG_INFO = NO;
				MTL_FAST_MATH = YES;
				SDKROOT = iphoneos;
				SWIFT_COMPILATION_MODE = wholemodule;
				VALIDATE_PRODUCT = YES;
			};
			name = Release;
		};
		C2F1311A2B750EFC0079B2DF /* Debug */ = {
			isa = XCBuildConfiguration;
			buildSettings = {
				ASSETCATALOG_COMPILER_APPICON_NAME = AppIcon;
				ASSETCATALOG_COMPILER_GLOBAL_ACCENT_COLOR_NAME = AccentColor;
				"CODE_SIGN_IDENTITY[sdk=iphoneos*]" = "iPhone Distribution";
				CODE_SIGN_STYLE = Manual;
				CURRENT_PROJECT_VERSION = 1;
				DEVELOPMENT_TEAM = "";
				"DEVELOPMENT_TEAM[sdk=iphoneos*]" = 5DS79WMFEL;
				FRAMEWORK_SEARCH_PATHS = (
					"$(inherited)",
					"$(PROJECT_DIR)",
					"$(PROJECT_DIR)/sampleSwift",
				);
				GENERATE_INFOPLIST_FILE = YES;
				INFOPLIST_FILE = sampleSwift/Info.plist;
				INFOPLIST_KEY_NSUserTrackingUsageDescription = "Your data will be used to deliver personalized ads to you.";
				INFOPLIST_KEY_UIApplicationSupportsIndirectInputEvents = YES;
				INFOPLIST_KEY_UILaunchStoryboardName = LaunchScreen;
				INFOPLIST_KEY_UIMainStoryboardFile = Main;
				INFOPLIST_KEY_UISupportedInterfaceOrientations = "UIInterfaceOrientationLandscapeLeft UIInterfaceOrientationLandscapeRight UIInterfaceOrientationPortrait UIInterfaceOrientationPortraitUpsideDown";
				IPHONEOS_DEPLOYMENT_TARGET = 18.0;
				LD_RUNPATH_SEARCH_PATHS = (
					"$(inherited)",
					"@executable_path/Frameworks",
				);
				MARKETING_VERSION = 2.0.13;
				PRODUCT_BUNDLE_IDENTIFIER = io.axeptio.sampleswift;
				PRODUCT_NAME = "$(TARGET_NAME)";
				PROVISIONING_PROFILE_SPECIFIER = "";
				"PROVISIONING_PROFILE_SPECIFIER[sdk=iphoneos*]" = "Axeptio Sample Swift App Store";
				SUPPORTED_PLATFORMS = "iphoneos iphonesimulator";
				SUPPORTS_MACCATALYST = NO;
				SUPPORTS_MAC_DESIGNED_FOR_IPHONE_IPAD = NO;
				SUPPORTS_XR_DESIGNED_FOR_IPHONE_IPAD = NO;
				SWIFT_EMIT_LOC_STRINGS = YES;
				SWIFT_VERSION = 5.0;
				TARGETED_DEVICE_FAMILY = "1,2";
			};
			name = Debug;
		};
		C2F1311B2B750EFC0079B2DF /* Release */ = {
			isa = XCBuildConfiguration;
			buildSettings = {
				ASSETCATALOG_COMPILER_APPICON_NAME = AppIcon;
				ASSETCATALOG_COMPILER_GLOBAL_ACCENT_COLOR_NAME = AccentColor;
				"CODE_SIGN_IDENTITY[sdk=iphoneos*]" = "iPhone Distribution";
				CODE_SIGN_STYLE = Manual;
				CURRENT_PROJECT_VERSION = 1;
				DEVELOPMENT_TEAM = "";
				"DEVELOPMENT_TEAM[sdk=iphoneos*]" = 5DS79WMFEL;
				FRAMEWORK_SEARCH_PATHS = (
					"$(inherited)",
					"$(PROJECT_DIR)",
					"$(PROJECT_DIR)/sampleSwift",
				);
				GENERATE_INFOPLIST_FILE = YES;
				INFOPLIST_FILE = sampleSwift/Info.plist;
				INFOPLIST_KEY_NSUserTrackingUsageDescription = "Your data will be used to deliver personalized ads to you.";
				INFOPLIST_KEY_UIApplicationSupportsIndirectInputEvents = YES;
				INFOPLIST_KEY_UILaunchStoryboardName = LaunchScreen;
				INFOPLIST_KEY_UIMainStoryboardFile = Main;
				INFOPLIST_KEY_UISupportedInterfaceOrientations = "UIInterfaceOrientationLandscapeLeft UIInterfaceOrientationLandscapeRight UIInterfaceOrientationPortrait UIInterfaceOrientationPortraitUpsideDown";
				IPHONEOS_DEPLOYMENT_TARGET = 18.0;
				LD_RUNPATH_SEARCH_PATHS = (
					"$(inherited)",
					"@executable_path/Frameworks",
				);
				MARKETING_VERSION = 2.0.13;
				PRODUCT_BUNDLE_IDENTIFIER = io.axeptio.sampleswift;
				PRODUCT_NAME = "$(TARGET_NAME)";
				PROVISIONING_PROFILE_SPECIFIER = "";
				"PROVISIONING_PROFILE_SPECIFIER[sdk=iphoneos*]" = "Axeptio Sample Swift App Store";
				SUPPORTED_PLATFORMS = "iphoneos iphonesimulator";
				SUPPORTS_MACCATALYST = NO;
				SUPPORTS_MAC_DESIGNED_FOR_IPHONE_IPAD = NO;
				SUPPORTS_XR_DESIGNED_FOR_IPHONE_IPAD = NO;
				SWIFT_EMIT_LOC_STRINGS = YES;
				SWIFT_VERSION = 5.0;
				TARGETED_DEVICE_FAMILY = "1,2";
			};
			name = Release;
		};
/* End XCBuildConfiguration section */

/* Begin XCConfigurationList section */
		C2F130EA2B750EF80079B2DF /* Build configuration list for PBXProject "sampleSwift" */ = {
			isa = XCConfigurationList;
			buildConfigurations = (
				C2F131172B750EFC0079B2DF /* Debug */,
				C2F131182B750EFC0079B2DF /* Release */,
			);
			defaultConfigurationIsVisible = 0;
			defaultConfigurationName = Release;
		};
		C2F131192B750EFC0079B2DF /* Build configuration list for PBXNativeTarget "sampleSwift" */ = {
			isa = XCConfigurationList;
			buildConfigurations = (
				C2F1311A2B750EFC0079B2DF /* Debug */,
				C2F1311B2B750EFC0079B2DF /* Release */,
			);
			defaultConfigurationIsVisible = 0;
			defaultConfigurationName = Release;
		};
/* End XCConfigurationList section */

/* Begin XCRemoteSwiftPackageReference section */
		B1DA856B2CB7B354005A9437 /* XCRemoteSwiftPackageReference "axeptio-ios-sdk" */ = {
			isa = XCRemoteSwiftPackageReference;
			repositoryURL = "https://github.com/axeptio/axeptio-ios-sdk";
			requirement = {
				kind = upToNextMajorVersion;
				minimumVersion = 2.0.13;
			};
		};
		C2AAF8D02B85F42A00447D7B /* XCRemoteSwiftPackageReference "firebase-ios-sdk" */ = {
			isa = XCRemoteSwiftPackageReference;
			repositoryURL = "https://github.com/firebase/firebase-ios-sdk";
			requirement = {
				kind = upToNextMajorVersion;
				minimumVersion = 10.21.0;
			};
		};
		C2AAF8D32B86020300447D7B /* XCRemoteSwiftPackageReference "swift-package-manager-google-mobile-ads" */ = {
			isa = XCRemoteSwiftPackageReference;
			repositoryURL = "https://github.com/googleads/swift-package-manager-google-mobile-ads";
			requirement = {
				kind = upToNextMajorVersion;
				minimumVersion = 11.0.1;
			};
		};
/* End XCRemoteSwiftPackageReference section */

/* Begin XCSwiftPackageProductDependency section */
		B1DA856C2CB7B354005A9437 /* AxeptioSDK */ = {
			isa = XCSwiftPackageProductDependency;
			package = B1DA856B2CB7B354005A9437 /* XCRemoteSwiftPackageReference "axeptio-ios-sdk" */;
			productName = AxeptioSDK;
		};
		C2AAF8D12B85F42A00447D7B /* FirebaseAnalytics */ = {
			isa = XCSwiftPackageProductDependency;
			package = C2AAF8D02B85F42A00447D7B /* XCRemoteSwiftPackageReference "firebase-ios-sdk" */;
			productName = FirebaseAnalytics;
		};
		C2AAF8D42B86020300447D7B /* GoogleMobileAds */ = {
			isa = XCSwiftPackageProductDependency;
			package = C2AAF8D32B86020300447D7B /* XCRemoteSwiftPackageReference "swift-package-manager-google-mobile-ads" */;
			productName = GoogleMobileAds;
		};
/* End XCSwiftPackageProductDependency section */
	};
	rootObject = C2F130E72B750EF80079B2DF /* Project object */;
}
